// !$*UTF8*$!
{
	archiveVersion = 1;
	classes = {
	};
	objectVersion = 46;
	objects = {

/* Begin PBXBuildFile section */
		B975F45B1E6ABC250048C57A /* AppDelegate.swift in Sources */ = {isa = PBXBuildFile; fileRef = B975F45A1E6ABC250048C57A /* AppDelegate.swift */; };
		B975F45D1E6ABC250048C57A /* ViewController.swift in Sources */ = {isa = PBXBuildFile; fileRef = B975F45C1E6ABC250048C57A /* ViewController.swift */; };
		B975F4601E6ABC250048C57A /* Main.storyboard in Resources */ = {isa = PBXBuildFile; fileRef = B975F45E1E6ABC250048C57A /* Main.storyboard */; };
		B975F4621E6ABC250048C57A /* Assets.xcassets in Resources */ = {isa = PBXBuildFile; fileRef = B975F4611E6ABC250048C57A /* Assets.xcassets */; };
		B975F4651E6ABC250048C57A /* LaunchScreen.storyboard in Resources */ = {isa = PBXBuildFile; fileRef = B975F4631E6ABC250048C57A /* LaunchScreen.storyboard */; };
/* End PBXBuildFile section */

/* Begin PBXFileReference section */
		B975F4571E6ABC250048C57A /* ReactiveTest.app */ = {isa = PBXFileReference; explicitFileType = wrapper.application; includeInIndex = 0; path = ReactiveTest.app; sourceTree = BUILT_PRODUCTS_DIR; };
		B975F45A1E6ABC250048C57A /* AppDelegate.swift */ = {isa = PBXFileReference; lastKnownFileType = sourcecode.swift; path = AppDelegate.swift; sourceTree = "<group>"; };
		B975F45C1E6ABC250048C57A /* ViewController.swift */ = {isa = PBXFileReference; lastKnownFileType = sourcecode.swift; path = ViewController.swift; sourceTree = "<group>"; };
		B975F45F1E6ABC250048C57A /* Base */ = {isa = PBXFileReference; lastKnownFileType = file.storyboard; name = Base; path = Base.lproj/Main.storyboard; sourceTree = "<group>"; };
		B975F4611E6ABC250048C57A /* Assets.xcassets */ = {isa = PBXFileReference; lastKnownFileType = folder.assetcatalog; path = Assets.xcassets; sourceTree = "<group>"; };
		B975F4641E6ABC250048C57A /* Base */ = {isa = PBXFileReference; lastKnownFileType = file.storyboard; name = Base; path = Base.lproj/LaunchScreen.storyboard; sourceTree = "<group>"; };
		B975F4661E6ABC250048C57A /* Info.plist */ = {isa = PBXFileReference; lastKnownFileType = text.plist.xml; path = Info.plist; sourceTree = "<group>"; };
/* End PBXFileReference section */

/* Begin PBXFrameworksBuildPhase section */
		B975F4541E6ABC250048C57A /* Frameworks */ = {
			isa = PBXFrameworksBuildPhase;
			buildActionMask = 2147483647;
			files = (
			);
			runOnlyForDeploymentPostprocessing = 0;
		};
/* End PBXFrameworksBuildPhase section */

/* Begin PBXGroup section */
		B975F44E1E6ABC250048C57A = {
			isa = PBXGroup;
			children = (
				B975F4591E6ABC250048C57A /* ReactiveTest */,
				B975F4581E6ABC250048C57A /* Products */,
			);
			sourceTree = "<group>";
		};
		B975F4581E6ABC250048C57A /* Products */ = {
			isa = PBXGroup;
			children = (
				B975F4571E6ABC250048C57A /* ReactiveTest.app */,
			);
			name = Products;
			sourceTree = "<group>";
		};
		B975F4591E6ABC250048C57A /* ReactiveTest */ = {
			isa = PBXGroup;
			children = (
				B975F45A1E6ABC250048C57A /* AppDelegate.swift */,
				B975F45C1E6ABC250048C57A /* ViewController.swift */,
				B975F45E1E6ABC250048C57A /* Main.storyboard */,
				B975F4611E6ABC250048C57A /* Assets.xcassets */,
				B975F4631E6ABC250048C57A /* LaunchScreen.storyboard */,
				B975F4661E6ABC250048C57A /* Info.plist */,
			);
			path = ReactiveTest;
			sourceTree = "<group>";
		};
/* End PBXGroup section */

/* Begin PBXNativeTarget section */
		B975F4561E6ABC250048C57A /* ReactiveTest */ = {
			isa = PBXNativeTarget;
			buildConfigurationList = B975F4691E6ABC250048C57A /* Build configuration list for PBXNativeTarget "ReactiveTest" */;
			buildPhases = (
				B975F4531E6ABC250048C57A /* Sources */,
				B975F4541E6ABC250048C57A /* Frameworks */,
				B975F4551E6ABC250048C57A /* Resources */,
			);
			buildRules = (
			);
			dependencies = (
			);
			name = ReactiveTest;
			productName = ReactiveTest;
			productReference = B975F4571E6ABC250048C57A /* ReactiveTest.app */;
			productType = "com.apple.product-type.application";
		};
/* End PBXNativeTarget section */

/* Begin PBXProject section */
		B975F44F1E6ABC250048C57A /* Project object */ = {
			isa = PBXProject;
			attributes = {
				LastSwiftUpdateCheck = 0820;
				LastUpgradeCheck = 0820;
				ORGANIZATIONNAME = "Kasianenko Boris";
				TargetAttributes = {
					B975F4561E6ABC250048C57A = {
						CreatedOnToolsVersion = 8.2.1;
						DevelopmentTeam = 873EA38L7R;
						ProvisioningStyle = Automatic;
					};
				};
			};
			buildConfigurationList = B975F4521E6ABC250048C57A /* Build configuration list for PBXProject "ReactiveTest" */;
			compatibilityVersion = "Xcode 3.2";
			developmentRegion = English;
			hasScannedForEncodings = 0;
			knownRegions = (
				en,
				Base,
			);
			mainGroup = B975F44E1E6ABC250048C57A;
			productRefGroup = B975F4581E6ABC250048C57A /* Products */;
			projectDirPath = "";
			projectRoot = "";
			targets = (
				B975F4561E6ABC250048C57A /* ReactiveTest */,
			);
		};
/* End PBXProject section */

/* Begin PBXResourcesBuildPhase section */
		B975F4551E6ABC250048C57A /* Resources */ = {
			isa = PBXResourcesBuildPhase;
			buildActionMask = 2147483647;
			files = (
				B975F4651E6ABC250048C57A /* LaunchScreen.storyboard in Resources */,
				B975F4621E6ABC250048C57A /* Assets.xcassets in Resources */,
				B975F4601E6ABC250048C57A /* Main.storyboard in Resources */,
			);
			runOnlyForDeploymentPostprocessing = 0;
		};
/* End PBXResourcesBuildPhase section */

/* Begin PBXSourcesBuildPhase section */
		B975F4531E6ABC250048C57A /* Sources */ = {
			isa = PBXSourcesBuildPhase;
			buildActionMask = 2147483647;
			files = (
				B975F45D1E6ABC250048C57A /* ViewController.swift in Sources */,
				B975F45B1E6ABC250048C57A /* AppDelegate.swift in Sources */,
			);
			runOnlyForDeploymentPostprocessing = 0;
		};
/* End PBXSourcesBuildPhase section */

/* Begin PBXVariantGroup section */
		B975F45E1E6ABC250048C57A /* Main.storyboard */ = {
			isa = PBXVariantGroup;
			children = (
				B975F45F1E6ABC250048C57A /* Base */,
			);
			name = Main.storyboard;
			sourceTree = "<group>";
		};
		B975F4631E6ABC250048C57A /* LaunchScreen.storyboard */ = {
			isa = PBXVariantGroup;
			children = (
				B975F4641E6ABC250048C57A /* Base */,
			);
			name = LaunchScreen.storyboard;
			sourceTree = "<group>";
		};
/* End PBXVariantGroup section */

/* Begin XCBuildConfiguration section */
		B975F4671E6ABC250048C57A /* Debug */ = {
			isa = XCBuildConfiguration;
			buildSettings = {
				ALWAYS_SEARCH_USER_PATHS = NO;
				CLANG_ANALYZER_NONNULL = YES;
				CLANG_CXX_LANGUAGE_STANDARD = "gnu++0x";
				CLANG_CXX_LIBRARY = "libc++";
				CLANG_ENABLE_MODULES = YES;
				CLANG_ENABLE_OBJC_ARC = YES;
				CLANG_WARN_BOOL_CONVERSION = YES;
				CLANG_WARN_CONSTANT_CONVERSION = YES;
				CLANG_WARN_DIRECT_OBJC_ISA_USAGE = YES_ERROR;
				CLANG_WARN_DOCUMENTATION_COMMENTS = YES;
				CLANG_WARN_EMPTY_BODY = YES;
				CLANG_WARN_ENUM_CONVERSION = YES;
				CLANG_WARN_INFINITE_RECURSION = YES;
				CLANG_WARN_INT_CONVERSION = YES;
				CLANG_WARN_OBJC_ROOT_CLASS = YES_ERROR;
				CLANG_WARN_SUSPICIOUS_MOVE = YES;
				CLANG_WARN_UNREACHABLE_CODE = YES;
				CLANG_WARN__DUPLICATE_METHOD_MATCH = YES;
				"CODE_SIGN_IDENTITY[sdk=iphoneos*]" = "iPhone Developer";
				COPY_PHASE_STRIP = NO;
				DEBUG_INFORMATION_FORMAT = dwarf;
				ENABLE_STRICT_OBJC_MSGSEND = YES;
				ENABLE_TESTABILITY = YES;
				GCC_C_LANGUAGE_STANDARD = gnu99;
				GCC_DYNAMIC_NO_PIC = NO;
				GCC_NO_COMMON_BLOCKS = YES;
				GCC_OPTIMIZATION_LEVEL = 0;
				GCC_PREPROCESSOR_DEFINITIONS = (
					"DEBUG=1",
					"$(inherited)",
				);
				GCC_WARN_64_TO_32_BIT_CONVERSION = YES;
				GCC_WARN_ABOUT_RETURN_TYPE = YES_ERROR;
				GCC_WARN_UNDECLARED_SELECTOR = YES;
				GCC_WARN_UNINITIALIZED_AUTOS = YES_AGGRESSIVE;
				GCC_WARN_UNUSED_FUNCTION = YES;
				GCC_WARN_UNUSED_VARIABLE = YES;
				IPHONEOS_DEPLOYMENT_TARGET = 10.2;
				MTL_ENABLE_DEBUG_INFO = YES;
				ONLY_ACTIVE_ARCH = YES;
				SDKROOT = iphoneos;
				SWIFT_ACTIVE_COMPILATION_CONDITIONS = DEBUG;
				SWIFT_OPTIMIZATION_LEVEL = "-Onone";
			};
			name = Debug;
		};
		B975F4681E6ABC250048C57A /* Release */ = {
			isa = XCBuildConfiguration;
			buildSettings = {
				ALWAYS_SEARCH_USER_PATHS = NO;
				CLANG_ANALYZER_NONNULL = YES;
				CLANG_CXX_LANGUAGE_STANDARD = "gnu++0x";
				CLANG_CXX_LIBRARY = "libc++";
				CLANG_ENABLE_MODULES = YES;
				CLANG_ENABLE_OBJC_ARC = YES;
				CLANG_WARN_BOOL_CONVERSION = YES;
				CLANG_WARN_CONSTANT_CONVERSION = YES;
				CLANG_WARN_DIRECT_OBJC_ISA_USAGE = YES_ERROR;
				CLANG_WARN_DOCUMENTATION_COMMENTS = YES;
				CLANG_WARN_EMPTY_BODY = YES;
				CLANG_WARN_ENUM_CONVERSION = YES;
				CLANG_WARN_INFINITE_RECURSION = YES;
				CLANG_WARN_INT_CONVERSION = YES;
				CLANG_WARN_OBJC_ROOT_CLASS = YES_ERROR;
				CLANG_WARN_SUSPICIOUS_MOVE = YES;
				CLANG_WARN_UNREACHABLE_CODE = YES;
				CLANG_WARN__DUPLICATE_METHOD_MATCH = YES;
				"CODE_SIGN_IDENTITY[sdk=iphoneos*]" = "iPhone Developer";
				COPY_PHASE_STRIP = NO;
				DEBUG_INFORMATION_FORMAT = "dwarf-with-dsym";
				ENABLE_NS_ASSERTIONS = NO;
				ENABLE_STRICT_OBJC_MSGSEND = YES;
				GCC_C_LANGUAGE_STANDARD = gnu99;
				GCC_NO_COMMON_BLOCKS = YES;
				GCC_WARN_64_TO_32_BIT_CONVERSION = YES;
				GCC_WARN_ABOUT_RETURN_TYPE = YES_ERROR;
				GCC_WARN_UNDECLARED_SELECTOR = YES;
				GCC_WARN_UNINITIALIZED_AUTOS = YES_AGGRESSIVE;
				GCC_WARN_UNUSED_FUNCTION = YES;
				GCC_WARN_UNUSED_VARIABLE = YES;
				IPHONEOS_DEPLOYMENT_TARGET = 10.2;
				MTL_ENABLE_DEBUG_INFO = NO;
				SDKROOT = iphoneos;
				SWIFT_OPTIMIZATION_LEVEL = "-Owholemodule";
				VALIDATE_PRODUCT = YES;
			};
			name = Release;
		};
		B975F46A1E6ABC250048C57A /* Debug */ = {
			isa = XCBuildConfiguration;
			buildSettings = {
				ASSETCATALOG_COMPILER_APPICON_NAME = AppIcon;
				DEVELOPMENT_TEAM = 873EA38L7R;
				INFOPLIST_FILE = ReactiveTest/Info.plist;
				LD_RUNPATH_SEARCH_PATHS = "$(inherited) @executable_path/Frameworks";
				PRODUCT_BUNDLE_IDENTIFIER = org.highwind.ReactiveTest;
				PRODUCT_NAME = "$(TARGET_NAME)";
				SWIFT_VERSION = 3.0;
			};
			name = Debug;
		};
		B975F46B1E6ABC250048C57A /* Release */ = {
			isa = XCBuildConfiguration;
			buildSettings = {
				ASSETCATALOG_COMPILER_APPICON_NAME = AppIcon;
				DEVELOPMENT_TEAM = 873EA38L7R;
				INFOPLIST_FILE = ReactiveTest/Info.plist;
				LD_RUNPATH_SEARCH_PATHS = "$(inherited) @executable_path/Frameworks";
				PRODUCT_BUNDLE_IDENTIFIER = org.highwind.ReactiveTest;
				PRODUCT_NAME = "$(TARGET_NAME)";
				SWIFT_VERSION = 3.0;
			};
			name = Release;
		};
/* End XCBuildConfiguration section */

/* Begin XCConfigurationList section */
		B975F4521E6ABC250048C57A /* Build configuration list for PBXProject "ReactiveTest" */ = {
			isa = XCConfigurationList;
			buildConfigurations = (
				B975F4671E6ABC250048C57A /* Debug */,
				B975F4681E6ABC250048C57A /* Release */,
			);
			defaultConfigurationIsVisible = 0;
			defaultConfigurationName = Release;
		};
		B975F4691E6ABC250048C57A /* Build configuration list for PBXNativeTarget "ReactiveTest" */ = {
			isa = XCConfigurationList;
			buildConfigurations = (
				B975F46A1E6ABC250048C57A /* Debug */,
				B975F46B1E6ABC250048C57A /* Release */,
			);
			defaultConfigurationIsVisible = 0;
		};
/* End XCConfigurationList section */
	};
	rootObject = B975F44F1E6ABC250048C57A /* Project object */;
}
